
Microsoft Visual Studio Solution File, Format Version 12.00
# Visual Studio Version 17
VisualStudioVersion = 17.0.31912.275
MinimumVisualStudioVersion = 10.0.40219.1
Project("{FAE04EC0-301F-11D3-BF4B-00C04F79EFBC}") = "Age_Q4", "Age_Q4\Age_Q4.csproj", "{DBDB069E-C4F5-46B8-BE8C-BCB4AD98CBA0}"
EndProject
Global
	GlobalSection(SolutionConfigurationPlatforms) = preSolution
		Debug|Any CPU = Debug|Any CPU
		Release|Any CPU = Release|Any CPU
	EndGlobalSection
	GlobalSection(ProjectConfigurationPlatforms) = postSolution
		{DBDB069E-C4F5-46B8-BE8C-BCB4AD98CBA0}.Debug|Any CPU.ActiveCfg = Debug|Any CPU
		{DBDB069E-C4F5-46B8-BE8C-BCB4AD98CBA0}.Debug|Any CPU.Build.0 = Debug|Any CPU
		{DBDB069E-C4F5-46B8-BE8C-BCB4AD98CBA0}.Release|Any CPU.ActiveCfg = Release|Any CPU
		{DBDB069E-C4F5-46B8-BE8C-BCB4AD98CBA0}.Release|Any CPU.Build.0 = Release|Any CPU
	EndGlobalSection
	GlobalSection(SolutionProperties) = preSolution
		HideSolutionNode = FALSE
	EndGlobalSection
	GlobalSection(ExtensibilityGlobals) = postSolution
		SolutionGuid = {1BC15672-F53D-4C9D-891E-68B27EA930EA}
	EndGlobalSection
EndGlobal
