
Microsoft Visual Studio Solution File, Format Version 12.00
# Visual Studio Version 17
VisualStudioVersion = 17.0.31912.275
MinimumVisualStudioVersion = 10.0.40219.1
Project("{FAE04EC0-301F-11D3-BF4B-00C04F79EFBC}") = "ASCII_Value_Q2,b", "ASCII_Value_Q2,b\ASCII_Value_Q2,b.csproj", "{93AE172B-D78C-467D-AA3B-BB92BD2BBC03}"
EndProject
Global
	GlobalSection(SolutionConfigurationPlatforms) = preSolution
		Debug|Any CPU = Debug|Any CPU
		Release|Any CPU = Release|Any CPU
	EndGlobalSection
	GlobalSection(ProjectConfigurationPlatforms) = postSolution
		{93AE172B-D78C-467D-AA3B-BB92BD2BBC03}.Debug|Any CPU.ActiveCfg = Debug|Any CPU
		{93AE172B-D78C-467D-AA3B-BB92BD2BBC03}.Debug|Any CPU.Build.0 = Debug|Any CPU
		{93AE172B-D78C-467D-AA3B-BB92BD2BBC03}.Release|Any CPU.ActiveCfg = Release|Any CPU
		{93AE172B-D78C-467D-AA3B-BB92BD2BBC03}.Release|Any CPU.Build.0 = Release|Any CPU
	EndGlobalSection
	GlobalSection(SolutionProperties) = preSolution
		HideSolutionNode = FALSE
	EndGlobalSection
	GlobalSection(ExtensibilityGlobals) = postSolution
		SolutionGuid = {44AED416-4607-42A7-BDE2-7990E28CB62A}
	EndGlobalSection
EndGlobal
