
Microsoft Visual Studio Solution File, Format Version 12.00
# Visual Studio Version 17
VisualStudioVersion = 17.0.31912.275
MinimumVisualStudioVersion = 10.0.40219.1
Project("{FAE04EC0-301F-11D3-BF4B-00C04F79EFBC}") = "ASCII_value_Q_2,a", "ASCII_value_Q_2,a\ASCII_value_Q_2,a.csproj", "{7377C512-4D54-477B-AE66-387F4F45B5BE}"
EndProject
Global
	GlobalSection(SolutionConfigurationPlatforms) = preSolution
		Debug|Any CPU = Debug|Any CPU
		Release|Any CPU = Release|Any CPU
	EndGlobalSection
	GlobalSection(ProjectConfigurationPlatforms) = postSolution
		{7377C512-4D54-477B-AE66-387F4F45B5BE}.Debug|Any CPU.ActiveCfg = Debug|Any CPU
		{7377C512-4D54-477B-AE66-387F4F45B5BE}.Debug|Any CPU.Build.0 = Debug|Any CPU
		{7377C512-4D54-477B-AE66-387F4F45B5BE}.Release|Any CPU.ActiveCfg = Release|Any CPU
		{7377C512-4D54-477B-AE66-387F4F45B5BE}.Release|Any CPU.Build.0 = Release|Any CPU
	EndGlobalSection
	GlobalSection(SolutionProperties) = preSolution
		HideSolutionNode = FALSE
	EndGlobalSection
	GlobalSection(ExtensibilityGlobals) = postSolution
		SolutionGuid = {085A187B-0194-42C2-B0D4-B9464B9976D4}
	EndGlobalSection
EndGlobal
